
Microsoft Visual Studio Solution File, Format Version 12.00
# Visual Studio 15
Project("{FAE04EC0-301F-11D3-BF4B-00C04F79EFBC}") = "Assembly-CSharp-firstpass", "Assembly-CSharp-firstpass.csproj", "{0CC162EF-F710-5EBC-06BF-988EC755430D}"
EndProject
Project("{FAE04EC0-301F-11D3-BF4B-00C04F79EFBC}") = "Assembly-CSharp", "Assembly-CSharp.csproj", "{E704FBA5-27DA-5019-D90C-BD5DD9FCE9D0}"
EndProject
Project("{FAE04EC0-301F-11D3-BF4B-00C04F79EFBC}") = "Assembly-CSharp-Editor-firstpass", "Assembly-CSharp-Editor-firstpass.csproj", "{14EC6007-C6B7-CF04-A3BB-A2187653042C}"
EndProject
Global
	GlobalSection(SolutionConfigurationPlatforms) = preSolution
		Debug|Any CPU = Debug|Any CPU
		Release|Any CPU = Release|Any CPU
	EndGlobalSection
	GlobalSection(ProjectConfigurationPlatforms) = postSolution
		{0CC162EF-F710-5EBC-06BF-988EC755430D}.Debug|Any CPU.ActiveCfg = Debug|Any CPU
		{0CC162EF-F710-5EBC-06BF-988EC755430D}.Debug|Any CPU.Build.0 = Debug|Any CPU
		{0CC162EF-F710-5EBC-06BF-988EC755430D}.Release|Any CPU.ActiveCfg = Release|Any CPU
		{0CC162EF-F710-5EBC-06BF-988EC755430D}.Release|Any CPU.Build.0 = Release|Any CPU
		{E704FBA5-27DA-5019-D90C-BD5DD9FCE9D0}.Debug|Any CPU.ActiveCfg = Debug|Any CPU
		{E704FBA5-27DA-5019-D90C-BD5DD9FCE9D0}.Debug|Any CPU.Build.0 = Debug|Any CPU
		{E704FBA5-27DA-5019-D90C-BD5DD9FCE9D0}.Release|Any CPU.ActiveCfg = Release|Any CPU
		{E704FBA5-27DA-5019-D90C-BD5DD9FCE9D0}.Release|Any CPU.Build.0 = Release|Any CPU
		{14EC6007-C6B7-CF04-A3BB-A2187653042C}.Debug|Any CPU.ActiveCfg = Debug|Any CPU
		{14EC6007-C6B7-CF04-A3BB-A2187653042C}.Debug|Any CPU.Build.0 = Debug|Any CPU
		{14EC6007-C6B7-CF04-A3BB-A2187653042C}.Release|Any CPU.ActiveCfg = Release|Any CPU
		{14EC6007-C6B7-CF04-A3BB-A2187653042C}.Release|Any CPU.Build.0 = Release|Any CPU
	EndGlobalSection
	GlobalSection(SolutionProperties) = preSolution
		HideSolutionNode = FALSE
	EndGlobalSection
EndGlobal
